
Microsoft Visual Studio Solution File, Format Version 12.00
# Visual Studio Version 16
VisualStudioVersion = 16.0.29709.97
MinimumVisualStudioVersion = 10.0.40219.1
Project("{FAE04EC0-301F-11D3-BF4B-00C04F79EFBC}") = "szirepository", "szirepository.csproj", "{50205554-FA00-4D1B-B8FC-EE2BD846E38D}"
EndProject
Global
	GlobalSection(SolutionConfigurationPlatforms) = preSolution
		Debug|Any CPU = Debug|Any CPU
		Release|Any CPU = Release|Any CPU
	EndGlobalSection
	GlobalSection(ProjectConfigurationPlatforms) = postSolution
		{50205554-FA00-4D1B-B8FC-EE2BD846E38D}.Debug|Any CPU.ActiveCfg = Debug|Any CPU
		{50205554-FA00-4D1B-B8FC-EE2BD846E38D}.Debug|Any CPU.Build.0 = Debug|Any CPU
		{50205554-FA00-4D1B-B8FC-EE2BD846E38D}.Release|Any CPU.ActiveCfg = Release|Any CPU
		{50205554-FA00-4D1B-B8FC-EE2BD846E38D}.Release|Any CPU.Build.0 = Release|Any CPU
	EndGlobalSection
	GlobalSection(SolutionProperties) = preSolution
		HideSolutionNode = FALSE
	EndGlobalSection
	GlobalSection(ExtensibilityGlobals) = postSolution
		SolutionGuid = {4C8777CC-902B-4EC8-9629-06ADE485A0D5}
	EndGlobalSection
EndGlobal
